Microsoft Visual Studio Solution File, Format Version 12.00
# Visual Studio Version 17
VisualStudioVersion = 17.5.2.0
MinimumVisualStudioVersion = 10.0.40219.1
Project("{FAE04EC0-301F-11D3-BF4B-00C04F79EFBC}") = "MyTestApi", "MyTestApi.csproj", "{B5B922CF-4E25-971D-65D5-26F263CBFBA5}"
EndProject
Global
	GlobalSection(SolutionConfigurationPlatforms) = preSolution
		Debug|Any CPU = Debug|Any CPU
		Release|Any CPU = Release|Any CPU
	EndGlobalSection
	GlobalSection(ProjectConfigurationPlatforms) = postSolution
		{B5B922CF-4E25-971D-65D5-26F263CBFBA5}.Debug|Any CPU.ActiveCfg = Debug|Any CPU
		{B5B922CF-4E25-971D-65D5-26F263CBFBA5}.Debug|Any CPU.Build.0 = Debug|Any CPU
		{B5B922CF-4E25-971D-65D5-26F263CBFBA5}.Release|Any CPU.ActiveCfg = Release|Any CPU
		{B5B922CF-4E25-971D-65D5-26F263CBFBA5}.Release|Any CPU.Build.0 = Release|Any CPU
	EndGlobalSection
	GlobalSection(SolutionProperties) = preSolution
		HideSolutionNode = FALSE
	EndGlobalSection
	GlobalSection(ExtensibilityGlobals) = postSolution
		SolutionGuid = {AAE6D063-C4D1-4ABE-8A33-E20CDCACFDFC}
	EndGlobalSection
EndGlobal
